
Microsoft Visual Studio Solution File, Format Version 12.00
# Visual Studio Version 17
VisualStudioVersion = 17.0.31903.59
MinimumVisualStudioVersion = 10.0.40219.1
Project("{9A19103F-16F7-4668-BE54-9A1E7A4F7556}") = "PasswordItBackend", "PasswordItBackend\PasswordItBackend.csproj", "{569BD2C4-19AB-4BD8-8DA2-374D72AABBBD}"
EndProject
Project("{FAE04EC0-301F-11D3-BF4B-00C04F79EFBC}") = "BackendTest", "BackendTest\BackendTest.csproj", "{363E13CD-732F-4C2A-A673-89E89BA33C6E}"
EndProject
Global
	GlobalSection(SolutionConfigurationPlatforms) = preSolution
		Debug|Any CPU = Debug|Any CPU
		Release|Any CPU = Release|Any CPU
	EndGlobalSection
	GlobalSection(ProjectConfigurationPlatforms) = postSolution
		{569BD2C4-19AB-4BD8-8DA2-374D72AABBBD}.Debug|Any CPU.ActiveCfg = Debug|Any CPU
		{569BD2C4-19AB-4BD8-8DA2-374D72AABBBD}.Debug|Any CPU.Build.0 = Debug|Any CPU
		{569BD2C4-19AB-4BD8-8DA2-374D72AABBBD}.Release|Any CPU.ActiveCfg = Release|Any CPU
		{569BD2C4-19AB-4BD8-8DA2-374D72AABBBD}.Release|Any CPU.Build.0 = Release|Any CPU
		{363E13CD-732F-4C2A-A673-89E89BA33C6E}.Debug|Any CPU.ActiveCfg = Debug|Any CPU
		{363E13CD-732F-4C2A-A673-89E89BA33C6E}.Debug|Any CPU.Build.0 = Debug|Any CPU
		{363E13CD-732F-4C2A-A673-89E89BA33C6E}.Release|Any CPU.ActiveCfg = Release|Any CPU
		{363E13CD-732F-4C2A-A673-89E89BA33C6E}.Release|Any CPU.Build.0 = Release|Any CPU
	EndGlobalSection
	GlobalSection(SolutionProperties) = preSolution
		HideSolutionNode = FALSE
	EndGlobalSection
	GlobalSection(ExtensibilityGlobals) = postSolution
		SolutionGuid = {15E3767A-8E94-4908-9D13-E7F5DA7E750B}
	EndGlobalSection
EndGlobal
